// !$*UTF8*$!
{
	archiveVersion = 1;
	classes = {
	};
	objectVersion = 48;
	objects = {

/* Begin PBXBuildFile section */
		002029BBAAD3F763E4802CFB /* Pods_Penc.framework in Frameworks */ = {isa = PBXBuildFile; fileRef = 86BC15AF2221EE6872E73AA3 /* Pods_Penc.framework */; };
		80E0F4932230A6FD0084F0AC /* SIWindowExtension.swift in Sources */ = {isa = PBXBuildFile; fileRef = 80E0F4922230A6FD0084F0AC /* SIWindowExtension.swift */; };
		9417B7C11FADB16300749BC8 /* GestureOverlayWindow.swift in Sources */ = {isa = PBXBuildFile; fileRef = 9417B7C01FADB16300749BC8 /* GestureOverlayWindow.swift */; };
		9417B7CB1FB04A0100749BC8 /* Preferences.swift in Sources */ = {isa = PBXBuildFile; fileRef = 9417B7CA1FB04A0100749BC8 /* Preferences.swift */; };
		94490CA124D2FD220010C713 /* NSScreenExtension.swift in Sources */ = {isa = PBXBuildFile; fileRef = 94490CA024D2FD220010C713 /* NSScreenExtension.swift */; };
		945195A41FA88B8B00FA53B4 /* AppDelegate.swift in Sources */ = {isa = PBXBuildFile; fileRef = 945195A31FA88B8B00FA53B4 /* AppDelegate.swift */; };
		945195A81FA88B8B00FA53B4 /* Assets.xcassets in Resources */ = {isa = PBXBuildFile; fileRef = 945195A71FA88B8B00FA53B4 /* Assets.xcassets */; };
		945195AB1FA88B8B00FA53B4 /* Main.storyboard in Resources */ = {isa = PBXBuildFile; fileRef = 945195A91FA88B8B00FA53B4 /* Main.storyboard */; };
		945B903025C2EB6600205700 /* NSCursorExtension.swift in Sources */ = {isa = PBXBuildFile; fileRef = 945B902F25C2EB6600205700 /* NSCursorExtension.swift */; };
		946C90B025A19FB6007BDA76 /* LineSegment.swift in Sources */ = {isa = PBXBuildFile; fileRef = 946C90AF25A19FB6007BDA76 /* LineSegment.swift */; };
		946C90E325ACDD1E007BDA76 /* ActivationWindow.swift in Sources */ = {isa = PBXBuildFile; fileRef = 946C90E225ACDD1E007BDA76 /* ActivationWindow.swift */; };
		946C90E925ACE1C6007BDA76 /* PlaceholderPool.swift in Sources */ = {isa = PBXBuildFile; fileRef = 946C90E825ACE1C6007BDA76 /* PlaceholderPool.swift */; };
		94756FF020ACB665003023FD /* AppDelegate.swift in Sources */ = {isa = PBXBuildFile; fileRef = 94756FEF20ACB665003023FD /* AppDelegate.swift */; };
		94756FF420ACB666003023FD /* Assets.xcassets in Resources */ = {isa = PBXBuildFile; fileRef = 94756FF320ACB666003023FD /* Assets.xcassets */; };
		94756FF720ACB666003023FD /* Main.storyboard in Resources */ = {isa = PBXBuildFile; fileRef = 94756FF520ACB666003023FD /* Main.storyboard */; };
		94756FFE20ACB6DA003023FD /* PencLauncher.app in Copy Files */ = {isa = PBXBuildFile; fileRef = 94756FED20ACB665003023FD /* PencLauncher.app */; settings = {ATTRIBUTES = (RemoveHeadersOnCopy, ); }; };
		9475700020ACB705003023FD /* ServiceManagement.framework in Frameworks */ = {isa = PBXBuildFile; fileRef = 94756FFF20ACB705003023FD /* ServiceManagement.framework */; };
		94763F731FA8DE5800D60C27 /* CGRectExtension.swift in Sources */ = {isa = PBXBuildFile; fileRef = 94763F721FA8DE5800D60C27 /* CGRectExtension.swift */; };
		94763F7F1FA9095E00D60C27 /* PreferencesGeneralViewController.swift in Sources */ = {isa = PBXBuildFile; fileRef = 94763F7E1FA9095E00D60C27 /* PreferencesGeneralViewController.swift */; };
		94951E3D25C590FD000293D1 /* Activation.swift in Sources */ = {isa = PBXBuildFile; fileRef = 94951E3C25C590FD000293D1 /* Activation.swift */; };
		94951E4725C72914000293D1 /* OverlayWindowPool.swift in Sources */ = {isa = PBXBuildFile; fileRef = 94951E4625C72914000293D1 /* OverlayWindowPool.swift */; };
		94951E5325CDBABD000293D1 /* ResizeStuff.swift in Sources */ = {isa = PBXBuildFile; fileRef = 94951E5225CDBABD000293D1 /* ResizeStuff.swift */; };
		94951E5B25CDD408000293D1 /* AlignmentStuff.swift in Sources */ = {isa = PBXBuildFile; fileRef = 94951E5A25CDD408000293D1 /* AlignmentStuff.swift */; };
		949553E21FB0BDC60025E22C /* AboutViewController.swift in Sources */ = {isa = PBXBuildFile; fileRef = 949553E11FB0BDC60025E22C /* AboutViewController.swift */; };
		94C1640624CB12C6005A564F /* Logger.swift in Sources */ = {isa = PBXBuildFile; fileRef = 94C1640524CB12C6005A564F /* Logger.swift */; };
		94C1640E24CD81D1005A564F /* PreferencesWindowController.swift in Sources */ = {isa = PBXBuildFile; fileRef = 94C1640D24CD81D1005A564F /* PreferencesWindowController.swift */; };
		94C1641024CD98C8005A564F /* PreferencesCustomizeActionsViewController.swift in Sources */ = {isa = PBXBuildFile; fileRef = 94C1640F24CD98C8005A564F /* PreferencesCustomizeActionsViewController.swift */; };
		94C5FCCB1FB2201200916D97 /* KeyboardListener.swift in Sources */ = {isa = PBXBuildFile; fileRef = 94C5FCCA1FB2201200916D97 /* KeyboardListener.swift */; };
		94C5FCCD1FB222CA00916D97 /* PTimer.swift in Sources */ = {isa = PBXBuildFile; fileRef = 94C5FCCC1FB222CA00916D97 /* PTimer.swift */; };
		94C5FCCF1FB3025200916D97 /* PApplication.swift in Sources */ = {isa = PBXBuildFile; fileRef = 94C5FCCE1FB3025200916D97 /* PApplication.swift */; };
		94C5FCD11FB347DA00916D97 /* PlaceholderWindowViewController.swift in Sources */ = {isa = PBXBuildFile; fileRef = 94C5FCD01FB347DA00916D97 /* PlaceholderWindowViewController.swift */; };
		94C88E9220AB6E5600F4B83E /* PlaceholderWindow.swift in Sources */ = {isa = PBXBuildFile; fileRef = 94C88E9120AB6E5600F4B83E /* PlaceholderWindow.swift */; };
		94EF64CB20AD5A070041E4BC /* dsa_pub.pem in Resources */ = {isa = PBXBuildFile; fileRef = 94EF64CA20AD5A070041E4BC /* dsa_pub.pem */; };
/* End PBXBuildFile section */

/* Begin PBXCopyFilesBuildPhase section */
		94756FFD20ACB6C3003023FD /* Copy Files */ = {
			isa = PBXCopyFilesBuildPhase;
			buildActionMask = 2147483647;
			dstPath = Contents/Library/LoginItems;
			dstSubfolderSpec = 1;
			files = (
				94756FFE20ACB6DA003023FD /* PencLauncher.app in Copy Files */,
			);
			name = "Copy Files";
			runOnlyForDeploymentPostprocessing = 0;
		};
/* End PBXCopyFilesBuildPhase section */

/* Begin PBXFileReference section */
		286EA375C63E4401015BCE4C /* Pods-Penc.debug.xcconfig */ = {isa = PBXFileReference; includeInIndex = 1; lastKnownFileType = text.xcconfig; name = "Pods-Penc.debug.xcconfig"; path = "Pods/Target Support Files/Pods-Penc/Pods-Penc.debug.xcconfig"; sourceTree = "<group>"; };
		80E0F4922230A6FD0084F0AC /* SIWindowExtension.swift */ = {isa = PBXFileReference; lastKnownFileType = sourcecode.swift; path = SIWindowExtension.swift; sourceTree = "<group>"; };
		86BC15AF2221EE6872E73AA3 /* Pods_Penc.framework */ = {isa = PBXFileReference; explicitFileType = wrapper.framework; includeInIndex = 0; path = Pods_Penc.framework; sourceTree = BUILT_PRODUCTS_DIR; };
		9417B7C01FADB16300749BC8 /* GestureOverlayWindow.swift */ = {isa = PBXFileReference; fileEncoding = 4; lastKnownFileType = sourcecode.swift; path = GestureOverlayWindow.swift; sourceTree = "<group>"; };
		9417B7CA1FB04A0100749BC8 /* Preferences.swift */ = {isa = PBXFileReference; lastKnownFileType = sourcecode.swift; path = Preferences.swift; sourceTree = "<group>"; };
		94490CA024D2FD220010C713 /* NSScreenExtension.swift */ = {isa = PBXFileReference; lastKnownFileType = sourcecode.swift; path = NSScreenExtension.swift; sourceTree = "<group>"; };
		945195A01FA88B8B00FA53B4 /* Penc.app */ = {isa = PBXFileReference; explicitFileType = wrapper.application; includeInIndex = 0; path = Penc.app; sourceTree = BUILT_PRODUCTS_DIR; };
		945195A31FA88B8B00FA53B4 /* AppDelegate.swift */ = {isa = PBXFileReference; lastKnownFileType = sourcecode.swift; path = AppDelegate.swift; sourceTree = "<group>"; };
		945195A71FA88B8B00FA53B4 /* Assets.xcassets */ = {isa = PBXFileReference; lastKnownFileType = folder.assetcatalog; path = Assets.xcassets; sourceTree = "<group>"; };
		945195AA1FA88B8B00FA53B4 /* Base */ = {isa = PBXFileReference; lastKnownFileType = file.storyboard; name = Base; path = Base.lproj/Main.storyboard; sourceTree = "<group>"; };
		945195AC1FA88B8B00FA53B4 /* Info.plist */ = {isa = PBXFileReference; lastKnownFileType = text.plist.xml; path = Info.plist; sourceTree = "<group>"; };
		945195AD1FA88B8B00FA53B4 /* Penc.entitlements */ = {isa = PBXFileReference; lastKnownFileType = text.plist.entitlements; path = Penc.entitlements; sourceTree = "<group>"; };
		945B902F25C2EB6600205700 /* NSCursorExtension.swift */ = {isa = PBXFileReference; lastKnownFileType = sourcecode.swift; path = NSCursorExtension.swift; sourceTree = "<group>"; };
		946C90AF25A19FB6007BDA76 /* LineSegment.swift */ = {isa = PBXFileReference; lastKnownFileType = sourcecode.swift; path = LineSegment.swift; sourceTree = "<group>"; };
		946C90E225ACDD1E007BDA76 /* ActivationWindow.swift */ = {isa = PBXFileReference; lastKnownFileType = sourcecode.swift; path = ActivationWindow.swift; sourceTree = "<group>"; };
		946C90E825ACE1C6007BDA76 /* PlaceholderPool.swift */ = {isa = PBXFileReference; lastKnownFileType = sourcecode.swift; path = PlaceholderPool.swift; sourceTree = "<group>"; };
		94756FED20ACB665003023FD /* PencLauncher.app */ = {isa = PBXFileReference; explicitFileType = wrapper.application; includeInIndex = 0; path = PencLauncher.app; sourceTree = BUILT_PRODUCTS_DIR; };
		94756FEF20ACB665003023FD /* AppDelegate.swift */ = {isa = PBXFileReference; lastKnownFileType = sourcecode.swift; path = AppDelegate.swift; sourceTree = "<group>"; };
		94756FF320ACB666003023FD /* Assets.xcassets */ = {isa = PBXFileReference; lastKnownFileType = folder.assetcatalog; path = Assets.xcassets; sourceTree = "<group>"; };
		94756FF620ACB666003023FD /* Base */ = {isa = PBXFileReference; lastKnownFileType = file.storyboard; name = Base; path = Base.lproj/Main.storyboard; sourceTree = "<group>"; };
		94756FF820ACB666003023FD /* Info.plist */ = {isa = PBXFileReference; lastKnownFileType = text.plist.xml; path = Info.plist; sourceTree = "<group>"; };
		94756FF920ACB666003023FD /* PencLauncher.entitlements */ = {isa = PBXFileReference; lastKnownFileType = text.plist.entitlements; path = PencLauncher.entitlements; sourceTree = "<group>"; };
		94756FFF20ACB705003023FD /* ServiceManagement.framework */ = {isa = PBXFileReference; lastKnownFileType = wrapper.framework; name = ServiceManagement.framework; path = System/Library/Frameworks/ServiceManagement.framework; sourceTree = SDKROOT; };
		94763F721FA8DE5800D60C27 /* CGRectExtension.swift */ = {isa = PBXFileReference; lastKnownFileType = sourcecode.swift; path = CGRectExtension.swift; sourceTree = "<group>"; };
		94763F7E1FA9095E00D60C27 /* PreferencesGeneralViewController.swift */ = {isa = PBXFileReference; lastKnownFileType = sourcecode.swift; path = PreferencesGeneralViewController.swift; sourceTree = "<group>"; };
		94951E3C25C590FD000293D1 /* Activation.swift */ = {isa = PBXFileReference; lastKnownFileType = sourcecode.swift; path = Activation.swift; sourceTree = "<group>"; };
		94951E4625C72914000293D1 /* OverlayWindowPool.swift */ = {isa = PBXFileReference; lastKnownFileType = sourcecode.swift; path = OverlayWindowPool.swift; sourceTree = "<group>"; };
		94951E5225CDBABD000293D1 /* ResizeStuff.swift */ = {isa = PBXFileReference; lastKnownFileType = sourcecode.swift; path = ResizeStuff.swift; sourceTree = "<group>"; };
		94951E5A25CDD408000293D1 /* AlignmentStuff.swift */ = {isa = PBXFileReference; lastKnownFileType = sourcecode.swift; path = AlignmentStuff.swift; sourceTree = "<group>"; };
		949553E11FB0BDC60025E22C /* AboutViewController.swift */ = {isa = PBXFileReference; lastKnownFileType = sourcecode.swift; path = AboutViewController.swift; sourceTree = "<group>"; };
		94C1640524CB12C6005A564F /* Logger.swift */ = {isa = PBXFileReference; lastKnownFileType = sourcecode.swift; path = Logger.swift; sourceTree = "<group>"; };
		94C1640D24CD81D1005A564F /* PreferencesWindowController.swift */ = {isa = PBXFileReference; lastKnownFileType = sourcecode.swift; path = PreferencesWindowController.swift; sourceTree = "<group>"; };
		94C1640F24CD98C8005A564F /* PreferencesCustomizeActionsViewController.swift */ = {isa = PBXFileReference; lastKnownFileType = sourcecode.swift; path = PreferencesCustomizeActionsViewController.swift; sourceTree = "<group>"; };
		94C5FCCA1FB2201200916D97 /* KeyboardListener.swift */ = {isa = PBXFileReference; lastKnownFileType = sourcecode.swift; path = KeyboardListener.swift; sourceTree = "<group>"; };
		94C5FCCC1FB222CA00916D97 /* PTimer.swift */ = {isa = PBXFileReference; lastKnownFileType = sourcecode.swift; path = PTimer.swift; sourceTree = "<group>"; };
		94C5FCCE1FB3025200916D97 /* PApplication.swift */ = {isa = PBXFileReference; lastKnownFileType = sourcecode.swift; path = PApplication.swift; sourceTree = "<group>"; };
		94C5FCD01FB347DA00916D97 /* PlaceholderWindowViewController.swift */ = {isa = PBXFileReference; lastKnownFileType = sourcecode.swift; path = PlaceholderWindowViewController.swift; sourceTree = "<group>"; };
		94C88E9120AB6E5600F4B83E /* PlaceholderWindow.swift */ = {isa = PBXFileReference; lastKnownFileType = sourcecode.swift; path = PlaceholderWindow.swift; sourceTree = "<group>"; };
		94EF64CA20AD5A070041E4BC /* dsa_pub.pem */ = {isa = PBXFileReference; fileEncoding = 4; lastKnownFileType = text; path = dsa_pub.pem; sourceTree = "<group>"; };
		EC736EAB9572887E33DE2C99 /* Pods-Penc.release.xcconfig */ = {isa = PBXFileReference; includeInIndex = 1; lastKnownFileType = text.xcconfig; name = "Pods-Penc.release.xcconfig"; path = "Pods/Target Support Files/Pods-Penc/Pods-Penc.release.xcconfig"; sourceTree = "<group>"; };
/* End PBXFileReference section */

/* Begin PBXFrameworksBuildPhase section */
		9451959D1FA88B8B00FA53B4 /* Frameworks */ = {
			isa = PBXFrameworksBuildPhase;
			buildActionMask = 2147483647;
			files = (
				9475700020ACB705003023FD /* ServiceManagement.framework in Frameworks */,
				002029BBAAD3F763E4802CFB /* Pods_Penc.framework in Frameworks */,
			);
			runOnlyForDeploymentPostprocessing = 0;
		};
		94756FEA20ACB665003023FD /* Frameworks */ = {
			isa = PBXFrameworksBuildPhase;
			buildActionMask = 2147483647;
			files = (
			);
			runOnlyForDeploymentPostprocessing = 0;
		};
/* End PBXFrameworksBuildPhase section */

/* Begin PBXGroup section */
		9391DD93FBBDB8448F05D7CF /* Pods */ = {
			isa = PBXGroup;
			children = (
				286EA375C63E4401015BCE4C /* Pods-Penc.debug.xcconfig */,
				EC736EAB9572887E33DE2C99 /* Pods-Penc.release.xcconfig */,
			);
			name = Pods;
			sourceTree = "<group>";
		};
		945195971FA88B8B00FA53B4 = {
			isa = PBXGroup;
			children = (
				945195A21FA88B8B00FA53B4 /* Penc */,
				94756FEE20ACB665003023FD /* PencLauncher */,
				945195A11FA88B8B00FA53B4 /* Products */,
				9391DD93FBBDB8448F05D7CF /* Pods */,
				E8893437771D8477DC21ED98 /* Frameworks */,
			);
			sourceTree = "<group>";
		};
		945195A11FA88B8B00FA53B4 /* Products */ = {
			isa = PBXGroup;
			children = (
				945195A01FA88B8B00FA53B4 /* Penc.app */,
				94756FED20ACB665003023FD /* PencLauncher.app */,
			);
			name = Products;
			sourceTree = "<group>";
		};
		945195A21FA88B8B00FA53B4 /* Penc */ = {
			isa = PBXGroup;
			children = (
				94EF64CA20AD5A070041E4BC /* dsa_pub.pem */,
				945195A31FA88B8B00FA53B4 /* AppDelegate.swift */,
				945195A71FA88B8B00FA53B4 /* Assets.xcassets */,
				945195A91FA88B8B00FA53B4 /* Main.storyboard */,
				945195AC1FA88B8B00FA53B4 /* Info.plist */,
				945195AD1FA88B8B00FA53B4 /* Penc.entitlements */,
				94C5FCCE1FB3025200916D97 /* PApplication.swift */,
				94C5FCCA1FB2201200916D97 /* KeyboardListener.swift */,
				949553E11FB0BDC60025E22C /* AboutViewController.swift */,
				94951E6525D1AF85000293D1 /* activation */,
				945B902825C2EA1400205700 /* preferences */,
				945B902725C2E99100205700 /* extensions */,
				945B902A25C2EAB700205700 /* utils */,
				946C90AF25A19FB6007BDA76 /* LineSegment.swift */,
			);
			path = Penc;
			sourceTree = "<group>";
		};
		945B902725C2E99100205700 /* extensions */ = {
			isa = PBXGroup;
			children = (
				94763F721FA8DE5800D60C27 /* CGRectExtension.swift */,
				94490CA024D2FD220010C713 /* NSScreenExtension.swift */,
				80E0F4922230A6FD0084F0AC /* SIWindowExtension.swift */,
				945B902F25C2EB6600205700 /* NSCursorExtension.swift */,
			);
			path = extensions;
			sourceTree = "<group>";
		};
		945B902825C2EA1400205700 /* preferences */ = {
			isa = PBXGroup;
			children = (
				9417B7CA1FB04A0100749BC8 /* Preferences.swift */,
				94C1640D24CD81D1005A564F /* PreferencesWindowController.swift */,
				94763F7E1FA9095E00D60C27 /* PreferencesGeneralViewController.swift */,
				94C1640F24CD98C8005A564F /* PreferencesCustomizeActionsViewController.swift */,
			);
			path = preferences;
			sourceTree = "<group>";
		};
		945B902925C2EA6200205700 /* placeholder */ = {
			isa = PBXGroup;
			children = (
				94C5FCD01FB347DA00916D97 /* PlaceholderWindowViewController.swift */,
				94C88E9120AB6E5600F4B83E /* PlaceholderWindow.swift */,
				946C90E825ACE1C6007BDA76 /* PlaceholderPool.swift */,
			);
			path = placeholder;
			sourceTree = "<group>";
		};
		945B902A25C2EAB700205700 /* utils */ = {
			isa = PBXGroup;
			children = (
				94C1640524CB12C6005A564F /* Logger.swift */,
				94C5FCCC1FB222CA00916D97 /* PTimer.swift */,
			);
			path = utils;
			sourceTree = "<group>";
		};
		94756FEE20ACB665003023FD /* PencLauncher */ = {
			isa = PBXGroup;
			children = (
				94756FEF20ACB665003023FD /* AppDelegate.swift */,
				94756FF320ACB666003023FD /* Assets.xcassets */,
				94756FF520ACB666003023FD /* Main.storyboard */,
				94756FF820ACB666003023FD /* Info.plist */,
				94756FF920ACB666003023FD /* PencLauncher.entitlements */,
			);
			path = PencLauncher;
			sourceTree = "<group>";
		};
		94951E6525D1AF85000293D1 /* activation */ = {
			isa = PBXGroup;
			children = (
				94951E3C25C590FD000293D1 /* Activation.swift */,
				946C90E225ACDD1E007BDA76 /* ActivationWindow.swift */,
				9417B7C01FADB16300749BC8 /* GestureOverlayWindow.swift */,
				94951E4625C72914000293D1 /* OverlayWindowPool.swift */,
				945B902925C2EA6200205700 /* placeholder */,
				94951E5A25CDD408000293D1 /* AlignmentStuff.swift */,
				94951E5225CDBABD000293D1 /* ResizeStuff.swift */,
			);
			path = activation;
			sourceTree = "<group>";
		};
		E8893437771D8477DC21ED98 /* Frameworks */ = {
			isa = PBXGroup;
			children = (
				94756FFF20ACB705003023FD /* ServiceManagement.framework */,
				86BC15AF2221EE6872E73AA3 /* Pods_Penc.framework */,
			);
			name = Frameworks;
			sourceTree = "<group>";
		};
/* End PBXGroup section */

/* Begin PBXNativeTarget section */
		9451959F1FA88B8B00FA53B4 /* Penc */ = {
			isa = PBXNativeTarget;
			buildConfigurationList = 945195B01FA88B8B00FA53B4 /* Build configuration list for PBXNativeTarget "Penc" */;
			buildPhases = (
				1511972E9472443215AEFDD1 /* [CP] Check Pods Manifest.lock */,
				9451959C1FA88B8B00FA53B4 /* Sources */,
				9451959D1FA88B8B00FA53B4 /* Frameworks */,
				9417B7BF1FADAEED00749BC8 /* Run Script */,
				9451959E1FA88B8B00FA53B4 /* Resources */,
				3E396F0A92C23C8B987D6383 /* [CP] Embed Pods Frameworks */,
				94756FFD20ACB6C3003023FD /* Copy Files */,
			);
			buildRules = (
			);
			dependencies = (
			);
			name = Penc;
			productName = Penc;
			productReference = 945195A01FA88B8B00FA53B4 /* Penc.app */;
			productType = "com.apple.product-type.application";
		};
		94756FEC20ACB665003023FD /* PencLauncher */ = {
			isa = PBXNativeTarget;
			buildConfigurationList = 94756FFA20ACB667003023FD /* Build configuration list for PBXNativeTarget "PencLauncher" */;
			buildPhases = (
				94756FE920ACB665003023FD /* Sources */,
				94756FEA20ACB665003023FD /* Frameworks */,
				94756FEB20ACB665003023FD /* Resources */,
			);
			buildRules = (
			);
			dependencies = (
			);
			name = PencLauncher;
			productName = PencLauncher;
			productReference = 94756FED20ACB665003023FD /* PencLauncher.app */;
			productType = "com.apple.product-type.application";
		};
/* End PBXNativeTarget section */

/* Begin PBXProject section */
		945195981FA88B8B00FA53B4 /* Project object */ = {
			isa = PBXProject;
			attributes = {
				LastSwiftUpdateCheck = 0930;
				LastUpgradeCheck = 0900;
				ORGANIZATIONNAME = "Deniz Gurkaynak";
				TargetAttributes = {
					9451959F1FA88B8B00FA53B4 = {
						CreatedOnToolsVersion = 9.0.1;
						LastSwiftMigration = 1150;
						ProvisioningStyle = Automatic;
						SystemCapabilities = {
							com.apple.Sandbox = {
								enabled = 0;
							};
						};
					};
					94756FEC20ACB665003023FD = {
						CreatedOnToolsVersion = 9.3.1;
						LastSwiftMigration = 1150;
						ProvisioningStyle = Automatic;
						SystemCapabilities = {
							com.apple.Sandbox = {
								enabled = 0;
							};
						};
					};
				};
			};
			buildConfigurationList = 9451959B1FA88B8B00FA53B4 /* Build configuration list for PBXProject "Penc" */;
			compatibilityVersion = "Xcode 8.0";
			developmentRegion = en;
			hasScannedForEncodings = 0;
			knownRegions = (
				en,
				Base,
			);
			mainGroup = 945195971FA88B8B00FA53B4;
			productRefGroup = 945195A11FA88B8B00FA53B4 /* Products */;
			projectDirPath = "";
			projectRoot = "";
			targets = (
				9451959F1FA88B8B00FA53B4 /* Penc */,
				94756FEC20ACB665003023FD /* PencLauncher */,
			);
		};
/* End PBXProject section */

/* Begin PBXResourcesBuildPhase section */
		9451959E1FA88B8B00FA53B4 /* Resources */ = {
			isa = PBXResourcesBuildPhase;
			buildActionMask = 2147483647;
			files = (
				945195A81FA88B8B00FA53B4 /* Assets.xcassets in Resources */,
				94EF64CB20AD5A070041E4BC /* dsa_pub.pem in Resources */,
				945195AB1FA88B8B00FA53B4 /* Main.storyboard in Resources */,
			);
			runOnlyForDeploymentPostprocessing = 0;
		};
		94756FEB20ACB665003023FD /* Resources */ = {
			isa = PBXResourcesBuildPhase;
			buildActionMask = 2147483647;
			files = (
				94756FF420ACB666003023FD /* Assets.xcassets in Resources */,
				94756FF720ACB666003023FD /* Main.storyboard in Resources */,
			);
			runOnlyForDeploymentPostprocessing = 0;
		};
/* End PBXResourcesBuildPhase section */

/* Begin PBXShellScriptBuildPhase section */
		1511972E9472443215AEFDD1 /* [CP] Check Pods Manifest.lock */ = {
			isa = PBXShellScriptBuildPhase;
			buildActionMask = 2147483647;
			files = (
			);
			inputPaths = (
				"${PODS_PODFILE_DIR_PATH}/Podfile.lock",
				"${PODS_ROOT}/Manifest.lock",
			);
			name = "[CP] Check Pods Manifest.lock";
			outputPaths = (
				"$(DERIVED_FILE_DIR)/Pods-Penc-checkManifestLockResult.txt",
			);
			runOnlyForDeploymentPostprocessing = 0;
			shellPath = /bin/sh;
			shellScript = "diff \"${PODS_PODFILE_DIR_PATH}/Podfile.lock\" \"${PODS_ROOT}/Manifest.lock\" > /dev/null\nif [ $? != 0 ] ; then\n    # print error to STDERR\n    echo \"error: The sandbox is not in sync with the Podfile.lock. Run 'pod install' or update your CocoaPods installation.\" >&2\n    exit 1\nfi\n# This output is used by Xcode 'outputs' to avoid re-running this script phase.\necho \"SUCCESS\" > \"${SCRIPT_OUTPUT_FILE_0}\"\n";
			showEnvVarsInLog = 0;
		};
		3E396F0A92C23C8B987D6383 /* [CP] Embed Pods Frameworks */ = {
			isa = PBXShellScriptBuildPhase;
			buildActionMask = 2147483647;
			files = (
			);
			inputPaths = (
				"${PODS_ROOT}/Target Support Files/Pods-Penc/Pods-Penc-frameworks.sh",
				"${BUILT_PRODUCTS_DIR}/Silica/Silica.framework",
				"${PODS_ROOT}/Sparkle/Sparkle.framework",
				"${PODS_ROOT}/Sparkle/Sparkle.framework.dSYM",
			);
			name = "[CP] Embed Pods Frameworks";
			outputPaths = (
				"${TARGET_BUILD_DIR}/${FRAMEWORKS_FOLDER_PATH}/Silica.framework",
				"${TARGET_BUILD_DIR}/${FRAMEWORKS_FOLDER_PATH}/Sparkle.framework",
				"${DWARF_DSYM_FOLDER_PATH}/Sparkle.framework.dSYM",
			);
			runOnlyForDeploymentPostprocessing = 0;
			shellPath = /bin/sh;
			shellScript = "\"${PODS_ROOT}/Target Support Files/Pods-Penc/Pods-Penc-frameworks.sh\"\n";
			showEnvVarsInLog = 0;
		};
		9417B7BF1FADAEED00749BC8 /* Run Script */ = {
			isa = PBXShellScriptBuildPhase;
			buildActionMask = 2147483647;
			files = (
			);
			inputPaths = (
			);
			name = "Run Script";
			outputPaths = (
			);
			runOnlyForDeploymentPostprocessing = 0;
			shellPath = /bin/sh;
			shellScript = "buildNumber=$(/usr/libexec/PlistBuddy -c \"Print CFBundleVersion\" \"${PROJECT_DIR}/${INFOPLIST_FILE}\")\nbuildNumber=$(($buildNumber + 1))\n/usr/libexec/PlistBuddy -c \"Set :CFBundleVersion $buildNumber\" \"${PROJECT_DIR}/${INFOPLIST_FILE}\"";
		};
/* End PBXShellScriptBuildPhase section */

/* Begin PBXSourcesBuildPhase section */
		9451959C1FA88B8B00FA53B4 /* Sources */ = {
			isa = PBXSourcesBuildPhase;
			buildActionMask = 2147483647;
			files = (
				94490CA124D2FD220010C713 /* NSScreenExtension.swift in Sources */,
				946C90E925ACE1C6007BDA76 /* PlaceholderPool.swift in Sources */,
				94763F731FA8DE5800D60C27 /* CGRectExtension.swift in Sources */,
				94C88E9220AB6E5600F4B83E /* PlaceholderWindow.swift in Sources */,
				9417B7CB1FB04A0100749BC8 /* Preferences.swift in Sources */,
				94C5FCCD1FB222CA00916D97 /* PTimer.swift in Sources */,
				94C5FCCB1FB2201200916D97 /* KeyboardListener.swift in Sources */,
				80E0F4932230A6FD0084F0AC /* SIWindowExtension.swift in Sources */,
				945195A41FA88B8B00FA53B4 /* AppDelegate.swift in Sources */,
				94951E3D25C590FD000293D1 /* Activation.swift in Sources */,
				94951E4725C72914000293D1 /* OverlayWindowPool.swift in Sources */,
				9417B7C11FADB16300749BC8 /* GestureOverlayWindow.swift in Sources */,
				94C1640624CB12C6005A564F /* Logger.swift in Sources */,
				946C90E325ACDD1E007BDA76 /* ActivationWindow.swift in Sources */,
				94951E5325CDBABD000293D1 /* ResizeStuff.swift in Sources */,
				94C1641024CD98C8005A564F /* PreferencesCustomizeActionsViewController.swift in Sources */,
				94C5FCD11FB347DA00916D97 /* PlaceholderWindowViewController.swift in Sources */,
				945B903025C2EB6600205700 /* NSCursorExtension.swift in Sources */,
				949553E21FB0BDC60025E22C /* AboutViewController.swift in Sources */,
				94C5FCCF1FB3025200916D97 /* PApplication.swift in Sources */,
				946C90B025A19FB6007BDA76 /* LineSegment.swift in Sources */,
				94951E5B25CDD408000293D1 /* AlignmentStuff.swift in Sources */,
				94C1640E24CD81D1005A564F /* PreferencesWindowController.swift in Sources */,
				94763F7F1FA9095E00D60C27 /* PreferencesGeneralViewController.swift in Sources */,
			);
			runOnlyForDeploymentPostprocessing = 0;
		};
		94756FE920ACB665003023FD /* Sources */ = {
			isa = PBXSourcesBuildPhase;
			buildActionMask = 2147483647;
			files = (
				94756FF020ACB665003023FD /* AppDelegate.swift in Sources */,
			);
			runOnlyForDeploymentPostprocessing = 0;
		};
/* End PBXSourcesBuildPhase section */

/* Begin PBXVariantGroup section */
		945195A91FA88B8B00FA53B4 /* Main.storyboard */ = {
			isa = PBXVariantGroup;
			children = (
				945195AA1FA88B8B00FA53B4 /* Base */,
			);
			name = Main.storyboard;
			sourceTree = "<group>";
		};
		94756FF520ACB666003023FD /* Main.storyboard */ = {
			isa = PBXVariantGroup;
			children = (
				94756FF620ACB666003023FD /* Base */,
			);
			name = Main.storyboard;
			sourceTree = "<group>";
		};
/* End PBXVariantGroup section */

/* Begin XCBuildConfiguration section */
		945195AE1FA88B8B00FA53B4 /* Debug */ = {
			isa = XCBuildConfiguration;
			buildSettings = {
				ALWAYS_SEARCH_USER_PATHS = NO;
				CLANG_ANALYZER_NONNULL = YES;
				CLANG_ANALYZER_NUMBER_OBJECT_CONVERSION = YES_AGGRESSIVE;
				CLANG_CXX_LANGUAGE_STANDARD = "gnu++14";
				CLANG_CXX_LIBRARY = "libc++";
				CLANG_ENABLE_MODULES = YES;
				CLANG_ENABLE_OBJC_ARC = YES;
				CLANG_WARN_BLOCK_CAPTURE_AUTORELEASING = YES;
				CLANG_WARN_BOOL_CONVERSION = YES;
				CLANG_WARN_COMMA = YES;
				CLANG_WARN_CONSTANT_CONVERSION = YES;
				CLANG_WARN_DIRECT_OBJC_ISA_USAGE = YES_ERROR;
				CLANG_WARN_DOCUMENTATION_COMMENTS = YES;
				CLANG_WARN_EMPTY_BODY = YES;
				CLANG_WARN_ENUM_CONVERSION = YES;
				CLANG_WARN_INFINITE_RECURSION = YES;
				CLANG_WARN_INT_CONVERSION = YES;
				CLANG_WARN_NON_LITERAL_NULL_CONVERSION = YES;
				CLANG_WARN_OBJC_LITERAL_CONVERSION = YES;
				CLANG_WARN_OBJC_ROOT_CLASS = YES_ERROR;
				CLANG_WARN_RANGE_LOOP_ANALYSIS = YES;
				CLANG_WARN_STRICT_PROTOTYPES = YES;
				CLANG_WARN_SUSPICIOUS_MOVE = YES;
				CLANG_WARN_UNGUARDED_AVAILABILITY = YES_AGGRESSIVE;
				CLANG_WARN_UNREACHABLE_CODE = YES;
				CLANG_WARN__DUPLICATE_METHOD_MATCH = YES;
				CODE_SIGN_IDENTITY = "Mac Developer";
				COPY_PHASE_STRIP = NO;
				DEBUG_INFORMATION_FORMAT = dwarf;
				ENABLE_STRICT_OBJC_MSGSEND = YES;
				ENABLE_TESTABILITY = YES;
				GCC_C_LANGUAGE_STANDARD = gnu11;
				GCC_DYNAMIC_NO_PIC = NO;
				GCC_NO_COMMON_BLOCKS = YES;
				GCC_OPTIMIZATION_LEVEL = 0;
				GCC_PREPROCESSOR_DEFINITIONS = (
					"DEBUG=1",
					"$(inherited)",
				);
				GCC_WARN_64_TO_32_BIT_CONVERSION = YES;
				GCC_WARN_ABOUT_RETURN_TYPE = YES_ERROR;
				GCC_WARN_UNDECLARED_SELECTOR = YES;
				GCC_WARN_UNINITIALIZED_AUTOS = YES_AGGRESSIVE;
				GCC_WARN_UNUSED_FUNCTION = YES;
				GCC_WARN_UNUSED_VARIABLE = YES;
				MACOSX_DEPLOYMENT_TARGET = 10.13;
				MTL_ENABLE_DEBUG_INFO = YES;
				ONLY_ACTIVE_ARCH = YES;
				SDKROOT = macosx;
				SWIFT_ACTIVE_COMPILATION_CONDITIONS = DEBUG;
				SWIFT_OPTIMIZATION_LEVEL = "-Onone";
			};
			name = Debug;
		};
		945195AF1FA88B8B00FA53B4 /* Release */ = {
			isa = XCBuildConfiguration;
			buildSettings = {
				ALWAYS_SEARCH_USER_PATHS = NO;
				CLANG_ANALYZER_NONNULL = YES;
				CLANG_ANALYZER_NUMBER_OBJECT_CONVERSION = YES_AGGRESSIVE;
				CLANG_CXX_LANGUAGE_STANDARD = "gnu++14";
				CLANG_CXX_LIBRARY = "libc++";
				CLANG_ENABLE_MODULES = YES;
				CLANG_ENABLE_OBJC_ARC = YES;
				CLANG_WARN_BLOCK_CAPTURE_AUTORELEASING = YES;
				CLANG_WARN_BOOL_CONVERSION = YES;
				CLANG_WARN_COMMA = YES;
				CLANG_WARN_CONSTANT_CONVERSION = YES;
				CLANG_WARN_DIRECT_OBJC_ISA_USAGE = YES_ERROR;
				CLANG_WARN_DOCUMENTATION_COMMENTS = YES;
				CLANG_WARN_EMPTY_BODY = YES;
				CLANG_WARN_ENUM_CONVERSION = YES;
				CLANG_WARN_INFINITE_RECURSION = YES;
				CLANG_WARN_INT_CONVERSION = YES;
				CLANG_WARN_NON_LITERAL_NULL_CONVERSION = YES;
				CLANG_WARN_OBJC_LITERAL_CONVERSION = YES;
				CLANG_WARN_OBJC_ROOT_CLASS = YES_ERROR;
				CLANG_WARN_RANGE_LOOP_ANALYSIS = YES;
				CLANG_WARN_STRICT_PROTOTYPES = YES;
				CLANG_WARN_SUSPICIOUS_MOVE = YES;
				CLANG_WARN_UNGUARDED_AVAILABILITY = YES_AGGRESSIVE;
				CLANG_WARN_UNREACHABLE_CODE = YES;
				CLANG_WARN__DUPLICATE_METHOD_MATCH = YES;
				CODE_SIGN_IDENTITY = "Mac Developer";
				COPY_PHASE_STRIP = NO;
				DEBUG_INFORMATION_FORMAT = "dwarf-with-dsym";
				ENABLE_NS_ASSERTIONS = NO;
				ENABLE_STRICT_OBJC_MSGSEND = YES;
				GCC_C_LANGUAGE_STANDARD = gnu11;
				GCC_NO_COMMON_BLOCKS = YES;
				GCC_WARN_64_TO_32_BIT_CONVERSION = YES;
				GCC_WARN_ABOUT_RETURN_TYPE = YES_ERROR;
				GCC_WARN_UNDECLARED_SELECTOR = YES;
				GCC_WARN_UNINITIALIZED_AUTOS = YES_AGGRESSIVE;
				GCC_WARN_UNUSED_FUNCTION = YES;
				GCC_WARN_UNUSED_VARIABLE = YES;
				MACOSX_DEPLOYMENT_TARGET = 10.13;
				MTL_ENABLE_DEBUG_INFO = NO;
				SDKROOT = macosx;
				SWIFT_OPTIMIZATION_LEVEL = "-Owholemodule";
			};
			name = Release;
		};
		945195B11FA88B8B00FA53B4 /* Debug */ = {
			isa = XCBuildConfiguration;
			baseConfigurationReference = 286EA375C63E4401015BCE4C /* Pods-Penc.debug.xcconfig */;
			buildSettings = {
				ASSETCATALOG_COMPILER_APPICON_NAME = AppIcon;
				CODE_SIGN_ENTITLEMENTS = Penc/Penc.entitlements;
				CODE_SIGN_IDENTITY = "Mac Developer";
				CODE_SIGN_STYLE = Automatic;
				COMBINE_HIDPI_IMAGES = YES;
				DEVELOPMENT_TEAM = UT8JE38PSU;
				ENABLE_HARDENED_RUNTIME = YES;
				INFOPLIST_FILE = Penc/Info.plist;
				LD_RUNPATH_SEARCH_PATHS = "$(inherited) @executable_path/../Frameworks";
				MARKETING_VERSION = "1.0.0-beta.2";
				PRODUCT_BUNDLE_IDENTIFIER = com.denizgurkaynak.Penc;
				PRODUCT_NAME = "$(TARGET_NAME)";
				PROVISIONING_PROFILE_SPECIFIER = "";
				SWIFT_VERSION = 5.0;
			};
			name = Debug;
		};
		945195B21FA88B8B00FA53B4 /* Release */ = {
			isa = XCBuildConfiguration;
			baseConfigurationReference = EC736EAB9572887E33DE2C99 /* Pods-Penc.release.xcconfig */;
			buildSettings = {
				ASSETCATALOG_COMPILER_APPICON_NAME = AppIcon;
				CODE_SIGN_ENTITLEMENTS = Penc/Penc.entitlements;
				CODE_SIGN_IDENTITY = "Mac Developer";
				CODE_SIGN_STYLE = Automatic;
				COMBINE_HIDPI_IMAGES = YES;
				DEVELOPMENT_TEAM = UT8JE38PSU;
				ENABLE_HARDENED_RUNTIME = YES;
				INFOPLIST_FILE = Penc/Info.plist;
				LD_RUNPATH_SEARCH_PATHS = "$(inherited) @executable_path/../Frameworks";
				MARKETING_VERSION = "1.0.0-beta.2";
				PRODUCT_BUNDLE_IDENTIFIER = com.denizgurkaynak.Penc;
				PRODUCT_NAME = "$(TARGET_NAME)";
				PROVISIONING_PROFILE_SPECIFIER = "";
				SWIFT_VERSION = 5.0;
			};
			name = Release;
		};
		94756FFB20ACB667003023FD /* Debug */ = {
			isa = XCBuildConfiguration;
			buildSettings = {
				ASSETCATALOG_COMPILER_APPICON_NAME = AppIcon;
				CLANG_ENABLE_OBJC_WEAK = YES;
				CLANG_WARN_DEPRECATED_OBJC_IMPLEMENTATIONS = YES;
				CLANG_WARN_OBJC_IMPLICIT_RETAIN_SELF = YES;
				CODE_SIGN_ENTITLEMENTS = PencLauncher/PencLauncher.entitlements;
				CODE_SIGN_STYLE = Automatic;
				COMBINE_HIDPI_IMAGES = YES;
				DEVELOPMENT_TEAM = UT8JE38PSU;
				ENABLE_HARDENED_RUNTIME = YES;
				INFOPLIST_FILE = PencLauncher/Info.plist;
				LD_RUNPATH_SEARCH_PATHS = "$(inherited) @executable_path/../Frameworks";
				PRODUCT_BUNDLE_IDENTIFIER = com.denizgurkaynak.PencLauncher;
				PRODUCT_NAME = "$(TARGET_NAME)";
				SKIP_INSTALL = YES;
				SWIFT_VERSION = 5.0;
			};
			name = Debug;
		};
		94756FFC20ACB667003023FD /* Release */ = {
			isa = XCBuildConfiguration;
			buildSettings = {
				ASSETCATALOG_COMPILER_APPICON_NAME = AppIcon;
				CLANG_ENABLE_OBJC_WEAK = YES;
				CLANG_WARN_DEPRECATED_OBJC_IMPLEMENTATIONS = YES;
				CLANG_WARN_OBJC_IMPLICIT_RETAIN_SELF = YES;
				CODE_SIGN_ENTITLEMENTS = PencLauncher/PencLauncher.entitlements;
				CODE_SIGN_STYLE = Automatic;
				COMBINE_HIDPI_IMAGES = YES;
				DEVELOPMENT_TEAM = UT8JE38PSU;
				ENABLE_HARDENED_RUNTIME = YES;
				INFOPLIST_FILE = PencLauncher/Info.plist;
				LD_RUNPATH_SEARCH_PATHS = "$(inherited) @executable_path/../Frameworks";
				PRODUCT_BUNDLE_IDENTIFIER = com.denizgurkaynak.PencLauncher;
				PRODUCT_NAME = "$(TARGET_NAME)";
				SKIP_INSTALL = YES;
				SWIFT_VERSION = 5.0;
			};
			name = Release;
		};
/* End XCBuildConfiguration section */

/* Begin XCConfigurationList section */
		9451959B1FA88B8B00FA53B4 /* Build configuration list for PBXProject "Penc" */ = {
			isa = XCConfigurationList;
			buildConfigurations = (
				945195AE1FA88B8B00FA53B4 /* Debug */,
				945195AF1FA88B8B00FA53B4 /* Release */,
			);
			defaultConfigurationIsVisible = 0;
			defaultConfigurationName = Release;
		};
		945195B01FA88B8B00FA53B4 /* Build configuration list for PBXNativeTarget "Penc" */ = {
			isa = XCConfigurationList;
			buildConfigurations = (
				945195B11FA88B8B00FA53B4 /* Debug */,
				945195B21FA88B8B00FA53B4 /* Release */,
			);
			defaultConfigurationIsVisible = 0;
			defaultConfigurationName = Release;
		};
		94756FFA20ACB667003023FD /* Build configuration list for PBXNativeTarget "PencLauncher" */ = {
			isa = XCConfigurationList;
			buildConfigurations = (
				94756FFB20ACB667003023FD /* Debug */,
				94756FFC20ACB667003023FD /* Release */,
			);
			defaultConfigurationIsVisible = 0;
			defaultConfigurationName = Release;
		};
/* End XCConfigurationList section */
	};
	rootObject = 945195981FA88B8B00FA53B4 /* Project object */;
}
